
Microsoft Visual Studio Solution File, Format Version 12.00
# Visual Studio Version 17
VisualStudioVersion = 17.9.34728.123
MinimumVisualStudioVersion = 10.0.40219.1
Project("{9A19103F-16F7-4668-BE54-9A1E7A4F7556}") = "ConfirmationEmail", "ConfirmationEmail\ConfirmationEmail.csproj", "{A0A6BB99-2EEE-40EB-A092-CAC12CD022BF}"
EndProject
Global
	GlobalSection(SolutionConfigurationPlatforms) = preSolution
		Debug|Any CPU = Debug|Any CPU
		Release|Any CPU = Release|Any CPU
	EndGlobalSection
	GlobalSection(ProjectConfigurationPlatforms) = postSolution
		{A0A6BB99-2EEE-40EB-A092-CAC12CD022BF}.Debug|Any CPU.ActiveCfg = Debug|Any CPU
		{A0A6BB99-2EEE-40EB-A092-CAC12CD022BF}.Debug|Any CPU.Build.0 = Debug|Any CPU
		{A0A6BB99-2EEE-40EB-A092-CAC12CD022BF}.Release|Any CPU.ActiveCfg = Release|Any CPU
		{A0A6BB99-2EEE-40EB-A092-CAC12CD022BF}.Release|Any CPU.Build.0 = Release|Any CPU
	EndGlobalSection
	GlobalSection(SolutionProperties) = preSolution
		HideSolutionNode = FALSE
	EndGlobalSection
	GlobalSection(ExtensibilityGlobals) = postSolution
		SolutionGuid = {21DA0361-992C-412E-AEBB-4F24020AD073}
	EndGlobalSection
EndGlobal
